
Microsoft Visual Studio Solution File, Format Version 12.00
# Visual Studio Version 17
VisualStudioVersion = 17.5.33414.496
MinimumVisualStudioVersion = 10.0.40219.1
Project("{9A19103F-16F7-4668-BE54-9A1E7A4F7556}") = "SnowStorm", "src\SnowStorm\SnowStorm.csproj", "{85C9A115-1C4C-44B8-9663-39D5BCA02AA8}"
EndProject
Project("{2150E333-8FDC-42A3-9474-1A3956D46DE8}") = "Configs", "Configs", "{61709B04-6DDE-47E9-AF3D-885E8CD24CAA}"
	ProjectSection(SolutionItems) = preProject
		.gitignore = .gitignore
		azure-pipelines.yml = azure-pipelines.yml
		CreateRelease.ps1 = CreateRelease.ps1
		GitVersion.yml = GitVersion.yml
		src\SnowStorm\License.txt = src\SnowStorm\License.txt
		NuGet.config = NuGet.config
		README.md = README.md
		src\SnowStorm\SnowStorm.nuspec = src\SnowStorm\SnowStorm.nuspec
	EndProjectSection
EndProject
Project("{2150E333-8FDC-42A3-9474-1A3956D46DE8}") = "Sample", "Sample", "{E2C97FF7-B536-483D-B760-D4B9C4CD241F}"
EndProject
Project("{9A19103F-16F7-4668-BE54-9A1E7A4F7556}") = "DbScripts", "src\Sample\DbScripts\DbScripts.csproj", "{B47538DD-6572-4A36-8173-44B2E9828667}"
EndProject
Project("{9A19103F-16F7-4668-BE54-9A1E7A4F7556}") = "WebApi", "src\Sample\WebApi\WebApi.csproj", "{31FF60D8-D6C0-4F53-A337-FECB9797DF69}"
EndProject
Project("{9A19103F-16F7-4668-BE54-9A1E7A4F7556}") = "Tests", "src\Sample\Tests\Tests.csproj", "{77D863C8-B9E5-43AC-8397-5A7E979E4FE1}"
EndProject
Project("{9A19103F-16F7-4668-BE54-9A1E7A4F7556}") = "WebApi.Shared", "src\Sample\WebApi.Shared\WebApi.Shared.csproj", "{64C0BC87-C04B-4077-8036-75A77A9DBAA7}"
EndProject
Global
	GlobalSection(SolutionConfigurationPlatforms) = preSolution
		Debug|Any CPU = Debug|Any CPU
		Release|Any CPU = Release|Any CPU
	EndGlobalSection
	GlobalSection(ProjectConfigurationPlatforms) = postSolution
		{85C9A115-1C4C-44B8-9663-39D5BCA02AA8}.Debug|Any CPU.ActiveCfg = Debug|Any CPU
		{85C9A115-1C4C-44B8-9663-39D5BCA02AA8}.Debug|Any CPU.Build.0 = Debug|Any CPU
		{85C9A115-1C4C-44B8-9663-39D5BCA02AA8}.Release|Any CPU.ActiveCfg = Release|Any CPU
		{85C9A115-1C4C-44B8-9663-39D5BCA02AA8}.Release|Any CPU.Build.0 = Release|Any CPU
		{B47538DD-6572-4A36-8173-44B2E9828667}.Debug|Any CPU.ActiveCfg = Debug|Any CPU
		{B47538DD-6572-4A36-8173-44B2E9828667}.Debug|Any CPU.Build.0 = Debug|Any CPU
		{B47538DD-6572-4A36-8173-44B2E9828667}.Release|Any CPU.ActiveCfg = Release|Any CPU
		{B47538DD-6572-4A36-8173-44B2E9828667}.Release|Any CPU.Build.0 = Release|Any CPU
		{31FF60D8-D6C0-4F53-A337-FECB9797DF69}.Debug|Any CPU.ActiveCfg = Debug|Any CPU
		{31FF60D8-D6C0-4F53-A337-FECB9797DF69}.Debug|Any CPU.Build.0 = Debug|Any CPU
		{31FF60D8-D6C0-4F53-A337-FECB9797DF69}.Release|Any CPU.ActiveCfg = Release|Any CPU
		{31FF60D8-D6C0-4F53-A337-FECB9797DF69}.Release|Any CPU.Build.0 = Release|Any CPU
		{77D863C8-B9E5-43AC-8397-5A7E979E4FE1}.Debug|Any CPU.ActiveCfg = Debug|Any CPU
		{77D863C8-B9E5-43AC-8397-5A7E979E4FE1}.Debug|Any CPU.Build.0 = Debug|Any CPU
		{77D863C8-B9E5-43AC-8397-5A7E979E4FE1}.Release|Any CPU.ActiveCfg = Release|Any CPU
		{77D863C8-B9E5-43AC-8397-5A7E979E4FE1}.Release|Any CPU.Build.0 = Release|Any CPU
		{64C0BC87-C04B-4077-8036-75A77A9DBAA7}.Debug|Any CPU.ActiveCfg = Debug|Any CPU
		{64C0BC87-C04B-4077-8036-75A77A9DBAA7}.Debug|Any CPU.Build.0 = Debug|Any CPU
		{64C0BC87-C04B-4077-8036-75A77A9DBAA7}.Release|Any CPU.ActiveCfg = Release|Any CPU
		{64C0BC87-C04B-4077-8036-75A77A9DBAA7}.Release|Any CPU.Build.0 = Release|Any CPU
	EndGlobalSection
	GlobalSection(SolutionProperties) = preSolution
		HideSolutionNode = FALSE
	EndGlobalSection
	GlobalSection(NestedProjects) = preSolution
		{B47538DD-6572-4A36-8173-44B2E9828667} = {E2C97FF7-B536-483D-B760-D4B9C4CD241F}
		{31FF60D8-D6C0-4F53-A337-FECB9797DF69} = {E2C97FF7-B536-483D-B760-D4B9C4CD241F}
		{77D863C8-B9E5-43AC-8397-5A7E979E4FE1} = {E2C97FF7-B536-483D-B760-D4B9C4CD241F}
		{64C0BC87-C04B-4077-8036-75A77A9DBAA7} = {E2C97FF7-B536-483D-B760-D4B9C4CD241F}
	EndGlobalSection
	GlobalSection(ExtensibilityGlobals) = postSolution
		SolutionGuid = {C53E347B-5708-4198-A552-8699FBF0BA4D}
	EndGlobalSection
EndGlobal
