
Microsoft Visual Studio Solution File, Format Version 12.00
# Visual Studio Version 17
VisualStudioVersion = 17.5.33414.496
MinimumVisualStudioVersion = 10.0.40219.1
Project("{9A19103F-16F7-4668-BE54-9A1E7A4F7556}") = "SnowStorm", "src\SnowStorm\SnowStorm.csproj", "{85C9A115-1C4C-44B8-9663-39D5BCA02AA8}"
EndProject
Project("{2150E333-8FDC-42A3-9474-1A3956D46DE8}") = "Configs", "Configs", "{61709B04-6DDE-47E9-AF3D-885E8CD24CAA}"
	ProjectSection(SolutionItems) = preProject
		.gitignore = .gitignore
		azure-pipelines.yml = azure-pipelines.yml
		CreateRelease.ps1 = CreateRelease.ps1
		GitVersion.yml = GitVersion.yml
		src\SnowStorm\License.txt = src\SnowStorm\License.txt
		NuGet.config = NuGet.config
		README.md = README.md
		src\SnowStorm\SnowStorm.nuspec = src\SnowStorm\SnowStorm.nuspec
	EndProjectSection
EndProject
Project("{2150E333-8FDC-42A3-9474-1A3956D46DE8}") = "Sample", "Sample", "{E2C97FF7-B536-483D-B760-D4B9C4CD241F}"
EndProject
Project("{9A19103F-16F7-4668-BE54-9A1E7A4F7556}") = "WebSample.DbScripts", "src\Sample\WebSample.DbScripts\WebSample.DbScripts.csproj", "{B47538DD-6572-4A36-8173-44B2E9828667}"
EndProject
Project("{9A19103F-16F7-4668-BE54-9A1E7A4F7556}") = "WebSample.SnowStorm.Server", "src\Sample\WebSample.SnowStorm\Server\WebSample.SnowStorm.Server.csproj", "{4B2C6C03-6195-446D-91B7-1E904E31BBE3}"
EndProject
Project("{9A19103F-16F7-4668-BE54-9A1E7A4F7556}") = "WebSample.SnowStorm.Client", "src\Sample\WebSample.SnowStorm\Client\WebSample.SnowStorm.Client.csproj", "{E196554B-E755-445D-850D-8B6CFD17D224}"
EndProject
Project("{9A19103F-16F7-4668-BE54-9A1E7A4F7556}") = "WebSample.SnowStorm.Shared", "src\Sample\WebSample.SnowStorm\Shared\WebSample.SnowStorm.Shared.csproj", "{0DD94740-9341-4A21-930A-0AECF504C974}"
EndProject
Project("{9A19103F-16F7-4668-BE54-9A1E7A4F7556}") = "WebSample.Tests", "src\Sample\WebSample.Test\WebSample.Tests.csproj", "{7EE71186-B686-404E-AA34-2D3FBFA8E849}"
EndProject
Global
	GlobalSection(SolutionConfigurationPlatforms) = preSolution
		Debug|Any CPU = Debug|Any CPU
		Release|Any CPU = Release|Any CPU
	EndGlobalSection
	GlobalSection(ProjectConfigurationPlatforms) = postSolution
		{85C9A115-1C4C-44B8-9663-39D5BCA02AA8}.Debug|Any CPU.ActiveCfg = Debug|Any CPU
		{85C9A115-1C4C-44B8-9663-39D5BCA02AA8}.Debug|Any CPU.Build.0 = Debug|Any CPU
		{85C9A115-1C4C-44B8-9663-39D5BCA02AA8}.Release|Any CPU.ActiveCfg = Release|Any CPU
		{85C9A115-1C4C-44B8-9663-39D5BCA02AA8}.Release|Any CPU.Build.0 = Release|Any CPU
		{B47538DD-6572-4A36-8173-44B2E9828667}.Debug|Any CPU.ActiveCfg = Debug|Any CPU
		{B47538DD-6572-4A36-8173-44B2E9828667}.Debug|Any CPU.Build.0 = Debug|Any CPU
		{B47538DD-6572-4A36-8173-44B2E9828667}.Release|Any CPU.ActiveCfg = Release|Any CPU
		{B47538DD-6572-4A36-8173-44B2E9828667}.Release|Any CPU.Build.0 = Release|Any CPU
		{4B2C6C03-6195-446D-91B7-1E904E31BBE3}.Debug|Any CPU.ActiveCfg = Debug|Any CPU
		{4B2C6C03-6195-446D-91B7-1E904E31BBE3}.Debug|Any CPU.Build.0 = Debug|Any CPU
		{4B2C6C03-6195-446D-91B7-1E904E31BBE3}.Release|Any CPU.ActiveCfg = Release|Any CPU
		{4B2C6C03-6195-446D-91B7-1E904E31BBE3}.Release|Any CPU.Build.0 = Release|Any CPU
		{E196554B-E755-445D-850D-8B6CFD17D224}.Debug|Any CPU.ActiveCfg = Debug|Any CPU
		{E196554B-E755-445D-850D-8B6CFD17D224}.Debug|Any CPU.Build.0 = Debug|Any CPU
		{E196554B-E755-445D-850D-8B6CFD17D224}.Release|Any CPU.ActiveCfg = Release|Any CPU
		{E196554B-E755-445D-850D-8B6CFD17D224}.Release|Any CPU.Build.0 = Release|Any CPU
		{0DD94740-9341-4A21-930A-0AECF504C974}.Debug|Any CPU.ActiveCfg = Debug|Any CPU
		{0DD94740-9341-4A21-930A-0AECF504C974}.Debug|Any CPU.Build.0 = Debug|Any CPU
		{0DD94740-9341-4A21-930A-0AECF504C974}.Release|Any CPU.ActiveCfg = Release|Any CPU
		{0DD94740-9341-4A21-930A-0AECF504C974}.Release|Any CPU.Build.0 = Release|Any CPU
		{7EE71186-B686-404E-AA34-2D3FBFA8E849}.Debug|Any CPU.ActiveCfg = Debug|Any CPU
		{7EE71186-B686-404E-AA34-2D3FBFA8E849}.Debug|Any CPU.Build.0 = Debug|Any CPU
		{7EE71186-B686-404E-AA34-2D3FBFA8E849}.Release|Any CPU.ActiveCfg = Release|Any CPU
		{7EE71186-B686-404E-AA34-2D3FBFA8E849}.Release|Any CPU.Build.0 = Release|Any CPU
	EndGlobalSection
	GlobalSection(SolutionProperties) = preSolution
		HideSolutionNode = FALSE
	EndGlobalSection
	GlobalSection(NestedProjects) = preSolution
		{B47538DD-6572-4A36-8173-44B2E9828667} = {E2C97FF7-B536-483D-B760-D4B9C4CD241F}
		{4B2C6C03-6195-446D-91B7-1E904E31BBE3} = {E2C97FF7-B536-483D-B760-D4B9C4CD241F}
		{E196554B-E755-445D-850D-8B6CFD17D224} = {E2C97FF7-B536-483D-B760-D4B9C4CD241F}
		{0DD94740-9341-4A21-930A-0AECF504C974} = {E2C97FF7-B536-483D-B760-D4B9C4CD241F}
		{7EE71186-B686-404E-AA34-2D3FBFA8E849} = {E2C97FF7-B536-483D-B760-D4B9C4CD241F}
	EndGlobalSection
	GlobalSection(ExtensibilityGlobals) = postSolution
		SolutionGuid = {C53E347B-5708-4198-A552-8699FBF0BA4D}
	EndGlobalSection
EndGlobal
